// !$*UTF8*$!
{
	archiveVersion = 1;
	classes = {
	};
	objectVersion = 46;
	objects = {

/* Begin PBXBuildFile section */
		49AC21221C1669360068E441 /* main.m in Sources */ = {isa = PBXBuildFile; fileRef = 49AC21211C1669360068E441 /* main.m */; };
		49AC212A1C167EAF0068E441 /* Person.m in Sources */ = {isa = PBXBuildFile; fileRef = 49AC21291C167EAF0068E441 /* Person.m */; };
/* End PBXBuildFile section */

/* Begin PBXCopyFilesBuildPhase section */
		49AC211C1C1669360068E441 /* CopyFiles */ = {
			isa = PBXCopyFilesBuildPhase;
			buildActionMask = 2147483647;
			dstPath = /usr/share/man/man1/;
			dstSubfolderSpec = 0;
			files = (
			);
			runOnlyForDeploymentPostprocessing = 1;
		};
/* End PBXCopyFilesBuildPhase section */

/* Begin PBXFileReference section */
		49AC211E1C1669360068E441 /* OC-06集合遍历和数组排序 */ = {isa = PBXFileReference; explicitFileType = "compiled.mach-o.executable"; includeInIndex = 0; path = "OC-06集合遍历和数组排序"; sourceTree = BUILT_PRODUCTS_DIR; };
		49AC21211C1669360068E441 /* main.m */ = {isa = PBXFileReference; lastKnownFileType = sourcecode.c.objc; path = main.m; sourceTree = "<group>"; };
		49AC21281C167EAF0068E441 /* Person.h */ = {isa = PBXFileReference; fileEncoding = 4; lastKnownFileType = sourcecode.c.h; path = Person.h; sourceTree = "<group>"; };
		49AC21291C167EAF0068E441 /* Person.m */ = {isa = PBXFileReference; fileEncoding = 4; lastKnownFileType = sourcecode.c.objc; path = Person.m; sourceTree = "<group>"; };
/* End PBXFileReference section */

/* Begin PBXFrameworksBuildPhase section */
		49AC211B1C1669360068E441 /* Frameworks */ = {
			isa = PBXFrameworksBuildPhase;
			buildActionMask = 2147483647;
			files = (
			);
			runOnlyForDeploymentPostprocessing = 0;
		};
/* End PBXFrameworksBuildPhase section */

/* Begin PBXGroup section */
		49AC21151C1669360068E441 = {
			isa = PBXGroup;
			children = (
				49AC21201C1669360068E441 /* OC-06集合遍历和数组排序 */,
				49AC211F1C1669360068E441 /* Products */,
			);
			sourceTree = "<group>";
		};
		49AC211F1C1669360068E441 /* Products */ = {
			isa = PBXGroup;
			children = (
				49AC211E1C1669360068E441 /* OC-06集合遍历和数组排序 */,
			);
			name = Products;
			sourceTree = "<group>";
		};
		49AC21201C1669360068E441 /* OC-06集合遍历和数组排序 */ = {
			isa = PBXGroup;
			children = (
				49AC21211C1669360068E441 /* main.m */,
				49AC21281C167EAF0068E441 /* Person.h */,
				49AC21291C167EAF0068E441 /* Person.m */,
			);
			path = "OC-06集合遍历和数组排序";
			sourceTree = "<group>";
		};
/* End PBXGroup section */

/* Begin PBXNativeTarget section */
		49AC211D1C1669360068E441 /* OC-06集合遍历和数组排序 */ = {
			isa = PBXNativeTarget;
			buildConfigurationList = 49AC21251C1669360068E441 /* Build configuration list for PBXNativeTarget "OC-06集合遍历和数组排序" */;
			buildPhases = (
				49AC211A1C1669360068E441 /* Sources */,
				49AC211B1C1669360068E441 /* Frameworks */,
				49AC211C1C1669360068E441 /* CopyFiles */,
			);
			buildRules = (
			);
			dependencies = (
			);
			name = "OC-06集合遍历和数组排序";
			productName = "OC-06集合遍历和数组排序";
			productReference = 49AC211E1C1669360068E441 /* OC-06集合遍历和数组排序 */;
			productType = "com.apple.product-type.tool";
		};
/* End PBXNativeTarget section */

/* Begin PBXProject section */
		49AC21161C1669360068E441 /* Project object */ = {
			isa = PBXProject;
			attributes = {
				LastUpgradeCheck = 0710;
				ORGANIZATIONNAME = "doll-61";
				TargetAttributes = {
					49AC211D1C1669360068E441 = {
						CreatedOnToolsVersion = 7.1;
					};
				};
			};
			buildConfigurationList = 49AC21191C1669360068E441 /* Build configuration list for PBXProject "OC-06集合遍历和数组排序" */;
			compatibilityVersion = "Xcode 3.2";
			developmentRegion = English;
			hasScannedForEncodings = 0;
			knownRegions = (
				en,
			);
			mainGroup = 49AC21151C1669360068E441;
			productRefGroup = 49AC211F1C1669360068E441 /* Products */;
			projectDirPath = "";
			projectRoot = "";
			targets = (
				49AC211D1C1669360068E441 /* OC-06集合遍历和数组排序 */,
			);
		};
/* End PBXProject section */

/* Begin PBXSourcesBuildPhase section */
		49AC211A1C1669360068E441 /* Sources */ = {
			isa = PBXSourcesBuildPhase;
			buildActionMask = 2147483647;
			files = (
				49AC212A1C167EAF0068E441 /* Person.m in Sources */,
				49AC21221C1669360068E441 /* main.m in Sources */,
			);
			runOnlyForDeploymentPostprocessing = 0;
		};
/* End PBXSourcesBuildPhase section */

/* Begin XCBuildConfiguration section */
		49AC21231C1669360068E441 /* Debug */ = {
			isa = XCBuildConfiguration;
			buildSettings = {
				ALWAYS_SEARCH_USER_PATHS = NO;
				CLANG_CXX_LANGUAGE_STANDARD = "gnu++0x";
				CLANG_CXX_LIBRARY = "libc++";
				CLANG_ENABLE_MODULES = YES;
				CLANG_ENABLE_OBJC_ARC = YES;
				CLANG_WARN_BOOL_CONVERSION = YES;
				CLANG_WARN_CONSTANT_CONVERSION = YES;
				CLANG_WARN_DIRECT_OBJC_ISA_USAGE = YES_ERROR;
				CLANG_WARN_EMPTY_BODY = YES;
				CLANG_WARN_ENUM_CONVERSION = YES;
				CLANG_WARN_INT_CONVERSION = YES;
				CLANG_WARN_OBJC_ROOT_CLASS = YES_ERROR;
				CLANG_WARN_UNREACHABLE_CODE = YES;
				CLANG_WARN__DUPLICATE_METHOD_MATCH = YES;
				CODE_SIGN_IDENTITY = "-";
				COPY_PHASE_STRIP = NO;
				DEBUG_INFORMATION_FORMAT = dwarf;
				ENABLE_STRICT_OBJC_MSGSEND = YES;
				ENABLE_TESTABILITY = YES;
				GCC_C_LANGUAGE_STANDARD = gnu99;
				GCC_DYNAMIC_NO_PIC = NO;
				GCC_NO_COMMON_BLOCKS = YES;
				GCC_OPTIMIZATION_LEVEL = 0;
				GCC_PREPROCESSOR_DEFINITIONS = (
					"DEBUG=1",
					"$(inherited)",
				);
				GCC_WARN_64_TO_32_BIT_CONVERSION = YES;
				GCC_WARN_ABOUT_RETURN_TYPE = YES_ERROR;
				GCC_WARN_UNDECLARED_SELECTOR = YES;
				GCC_WARN_UNINITIALIZED_AUTOS = YES_AGGRESSIVE;
				GCC_WARN_UNUSED_FUNCTION = YES;
				GCC_WARN_UNUSED_VARIABLE = YES;
				MACOSX_DEPLOYMENT_TARGET = 10.11;
				MTL_ENABLE_DEBUG_INFO = YES;
				ONLY_ACTIVE_ARCH = YES;
				SDKROOT = macosx;
			};
			name = Debug;
		};
		49AC21241C1669360068E441 /* Release */ = {
			isa = XCBuildConfiguration;
			buildSettings = {
				ALWAYS_SEARCH_USER_PATHS = NO;
				CLANG_CXX_LANGUAGE_STANDARD = "gnu++0x";
				CLANG_CXX_LIBRARY = "libc++";
				CLANG_ENABLE_MODULES = YES;
				CLANG_ENABLE_OBJC_ARC = YES;
				CLANG_WARN_BOOL_CONVERSION = YES;
				CLANG_WARN_CONSTANT_CONVERSION = YES;
				CLANG_WARN_DIRECT_OBJC_ISA_USAGE = YES_ERROR;
				CLANG_WARN_EMPTY_BODY = YES;
				CLANG_WARN_ENUM_CONVERSION = YES;
				CLANG_WARN_INT_CONVERSION = YES;
				CLANG_WARN_OBJC_ROOT_CLASS = YES_ERROR;
				CLANG_WARN_UNREACHABLE_CODE = YES;
				CLANG_WARN__DUPLICATE_METHOD_MATCH = YES;
				CODE_SIGN_IDENTITY = "-";
				COPY_PHASE_STRIP = NO;
				DEBUG_INFORMATION_FORMAT = "dwarf-with-dsym";
				ENABLE_NS_ASSERTIONS = NO;
				ENABLE_STRICT_OBJC_MSGSEND = YES;
				GCC_C_LANGUAGE_STANDARD = gnu99;
				GCC_NO_COMMON_BLOCKS = YES;
				GCC_WARN_64_TO_32_BIT_CONVERSION = YES;
				GCC_WARN_ABOUT_RETURN_TYPE = YES_ERROR;
				GCC_WARN_UNDECLARED_SELECTOR = YES;
				GCC_WARN_UNINITIALIZED_AUTOS = YES_AGGRESSIVE;
				GCC_WARN_UNUSED_FUNCTION = YES;
				GCC_WARN_UNUSED_VARIABLE = YES;
				MACOSX_DEPLOYMENT_TARGET = 10.11;
				MTL_ENABLE_DEBUG_INFO = NO;
				SDKROOT = macosx;
			};
			name = Release;
		};
		49AC21261C1669360068E441 /* Debug */ = {
			isa = XCBuildConfiguration;
			buildSettings = {
				PRODUCT_NAME = "$(TARGET_NAME)";
			};
			name = Debug;
		};
		49AC21271C1669360068E441 /* Release */ = {
			isa = XCBuildConfiguration;
			buildSettings = {
				PRODUCT_NAME = "$(TARGET_NAME)";
			};
			name = Release;
		};
/* End XCBuildConfiguration section */

/* Begin XCConfigurationList section */
		49AC21191C1669360068E441 /* Build configuration list for PBXProject "OC-06集合遍历和数组排序" */ = {
			isa = XCConfigurationList;
			buildConfigurations = (
				49AC21231C1669360068E441 /* Debug */,
				49AC21241C1669360068E441 /* Release */,
			);
			defaultConfigurationIsVisible = 0;
			defaultConfigurationName = Release;
		};
		49AC21251C1669360068E441 /* Build configuration list for PBXNativeTarget "OC-06集合遍历和数组排序" */ = {
			isa = XCConfigurationList;
			buildConfigurations = (
				49AC21261C1669360068E441 /* Debug */,
				49AC21271C1669360068E441 /* Release */,
			);
			defaultConfigurationIsVisible = 0;
		};
/* End XCConfigurationList section */
	};
	rootObject = 49AC21161C1669360068E441 /* Project object */;
}
