// !$*UTF8*$!
{
	archiveVersion = 1;
	classes = {
	};
	objectVersion = 46;
	objects = {

/* Begin PBXBuildFile section */
		4995406E1C15163D00D35EF7 /* main.m in Sources */ = {isa = PBXBuildFile; fileRef = 4995406D1C15163D00D35EF7 /* main.m */; };
		499540761C15185C00D35EF7 /* Fraction.m in Sources */ = {isa = PBXBuildFile; fileRef = 499540751C15185C00D35EF7 /* Fraction.m */; };
		499540791C151FA100D35EF7 /* Contact.m in Sources */ = {isa = PBXBuildFile; fileRef = 499540781C151FA100D35EF7 /* Contact.m */; };
		4995407C1C151FAF00D35EF7 /* AddressBook.m in Sources */ = {isa = PBXBuildFile; fileRef = 4995407B1C151FAF00D35EF7 /* AddressBook.m */; };
		4995407F1C15652900D35EF7 /* AddressBookV2.m in Sources */ = {isa = PBXBuildFile; fileRef = 4995407E1C15652900D35EF7 /* AddressBookV2.m */; };
/* End PBXBuildFile section */

/* Begin PBXCopyFilesBuildPhase section */
		499540681C15163D00D35EF7 /* CopyFiles */ = {
			isa = PBXCopyFilesBuildPhase;
			buildActionMask = 2147483647;
			dstPath = /usr/share/man/man1/;
			dstSubfolderSpec = 0;
			files = (
			);
			runOnlyForDeploymentPostprocessing = 1;
		};
/* End PBXCopyFilesBuildPhase section */

/* Begin PBXFileReference section */
		4995406A1C15163D00D35EF7 /* 字典复习 */ = {isa = PBXFileReference; explicitFileType = "compiled.mach-o.executable"; includeInIndex = 0; path = "字典复习"; sourceTree = BUILT_PRODUCTS_DIR; };
		4995406D1C15163D00D35EF7 /* main.m */ = {isa = PBXFileReference; lastKnownFileType = sourcecode.c.objc; path = main.m; sourceTree = "<group>"; };
		499540741C15185C00D35EF7 /* Fraction.h */ = {isa = PBXFileReference; fileEncoding = 4; lastKnownFileType = sourcecode.c.h; path = Fraction.h; sourceTree = "<group>"; };
		499540751C15185C00D35EF7 /* Fraction.m */ = {isa = PBXFileReference; fileEncoding = 4; lastKnownFileType = sourcecode.c.objc; path = Fraction.m; sourceTree = "<group>"; };
		499540771C151FA100D35EF7 /* Contact.h */ = {isa = PBXFileReference; fileEncoding = 4; lastKnownFileType = sourcecode.c.h; path = Contact.h; sourceTree = "<group>"; };
		499540781C151FA100D35EF7 /* Contact.m */ = {isa = PBXFileReference; fileEncoding = 4; lastKnownFileType = sourcecode.c.objc; path = Contact.m; sourceTree = "<group>"; };
		4995407A1C151FAF00D35EF7 /* AddressBook.h */ = {isa = PBXFileReference; fileEncoding = 4; lastKnownFileType = sourcecode.c.h; path = AddressBook.h; sourceTree = "<group>"; };
		4995407B1C151FAF00D35EF7 /* AddressBook.m */ = {isa = PBXFileReference; fileEncoding = 4; lastKnownFileType = sourcecode.c.objc; path = AddressBook.m; sourceTree = "<group>"; };
		4995407D1C15652900D35EF7 /* AddressBookV2.h */ = {isa = PBXFileReference; fileEncoding = 4; lastKnownFileType = sourcecode.c.h; path = AddressBookV2.h; sourceTree = "<group>"; };
		4995407E1C15652900D35EF7 /* AddressBookV2.m */ = {isa = PBXFileReference; fileEncoding = 4; lastKnownFileType = sourcecode.c.objc; path = AddressBookV2.m; sourceTree = "<group>"; };
		499540801C157D1900D35EF7 /* area副本.txt */ = {isa = PBXFileReference; fileEncoding = 4; lastKnownFileType = text; path = "area副本.txt"; sourceTree = "<group>"; };
/* End PBXFileReference section */

/* Begin PBXFrameworksBuildPhase section */
		499540671C15163D00D35EF7 /* Frameworks */ = {
			isa = PBXFrameworksBuildPhase;
			buildActionMask = 2147483647;
			files = (
			);
			runOnlyForDeploymentPostprocessing = 0;
		};
/* End PBXFrameworksBuildPhase section */

/* Begin PBXGroup section */
		499540611C15163D00D35EF7 = {
			isa = PBXGroup;
			children = (
				4995406C1C15163D00D35EF7 /* 字典复习 */,
				4995406B1C15163D00D35EF7 /* Products */,
			);
			sourceTree = "<group>";
		};
		4995406B1C15163D00D35EF7 /* Products */ = {
			isa = PBXGroup;
			children = (
				4995406A1C15163D00D35EF7 /* 字典复习 */,
			);
			name = Products;
			sourceTree = "<group>";
		};
		4995406C1C15163D00D35EF7 /* 字典复习 */ = {
			isa = PBXGroup;
			children = (
				499540801C157D1900D35EF7 /* area副本.txt */,
				4995406D1C15163D00D35EF7 /* main.m */,
				4995407D1C15652900D35EF7 /* AddressBookV2.h */,
				4995407E1C15652900D35EF7 /* AddressBookV2.m */,
				4995407A1C151FAF00D35EF7 /* AddressBook.h */,
				4995407B1C151FAF00D35EF7 /* AddressBook.m */,
				499540771C151FA100D35EF7 /* Contact.h */,
				499540781C151FA100D35EF7 /* Contact.m */,
				499540741C15185C00D35EF7 /* Fraction.h */,
				499540751C15185C00D35EF7 /* Fraction.m */,
			);
			path = "字典复习";
			sourceTree = "<group>";
		};
/* End PBXGroup section */

/* Begin PBXNativeTarget section */
		499540691C15163D00D35EF7 /* 字典复习 */ = {
			isa = PBXNativeTarget;
			buildConfigurationList = 499540711C15163D00D35EF7 /* Build configuration list for PBXNativeTarget "字典复习" */;
			buildPhases = (
				499540661C15163D00D35EF7 /* Sources */,
				499540671C15163D00D35EF7 /* Frameworks */,
				499540681C15163D00D35EF7 /* CopyFiles */,
			);
			buildRules = (
			);
			dependencies = (
			);
			name = "字典复习";
			productName = "字典复习";
			productReference = 4995406A1C15163D00D35EF7 /* 字典复习 */;
			productType = "com.apple.product-type.tool";
		};
/* End PBXNativeTarget section */

/* Begin PBXProject section */
		499540621C15163D00D35EF7 /* Project object */ = {
			isa = PBXProject;
			attributes = {
				LastUpgradeCheck = 0710;
				ORGANIZATIONNAME = "doll-61";
				TargetAttributes = {
					499540691C15163D00D35EF7 = {
						CreatedOnToolsVersion = 7.1;
					};
				};
			};
			buildConfigurationList = 499540651C15163D00D35EF7 /* Build configuration list for PBXProject "字典复习" */;
			compatibilityVersion = "Xcode 3.2";
			developmentRegion = English;
			hasScannedForEncodings = 0;
			knownRegions = (
				en,
			);
			mainGroup = 499540611C15163D00D35EF7;
			productRefGroup = 4995406B1C15163D00D35EF7 /* Products */;
			projectDirPath = "";
			projectRoot = "";
			targets = (
				499540691C15163D00D35EF7 /* 字典复习 */,
			);
		};
/* End PBXProject section */

/* Begin PBXSourcesBuildPhase section */
		499540661C15163D00D35EF7 /* Sources */ = {
			isa = PBXSourcesBuildPhase;
			buildActionMask = 2147483647;
			files = (
				4995407F1C15652900D35EF7 /* AddressBookV2.m in Sources */,
				4995406E1C15163D00D35EF7 /* main.m in Sources */,
				4995407C1C151FAF00D35EF7 /* AddressBook.m in Sources */,
				499540791C151FA100D35EF7 /* Contact.m in Sources */,
				499540761C15185C00D35EF7 /* Fraction.m in Sources */,
			);
			runOnlyForDeploymentPostprocessing = 0;
		};
/* End PBXSourcesBuildPhase section */

/* Begin XCBuildConfiguration section */
		4995406F1C15163D00D35EF7 /* Debug */ = {
			isa = XCBuildConfiguration;
			buildSettings = {
				ALWAYS_SEARCH_USER_PATHS = NO;
				CLANG_CXX_LANGUAGE_STANDARD = "gnu++0x";
				CLANG_CXX_LIBRARY = "libc++";
				CLANG_ENABLE_MODULES = YES;
				CLANG_ENABLE_OBJC_ARC = YES;
				CLANG_WARN_BOOL_CONVERSION = YES;
				CLANG_WARN_CONSTANT_CONVERSION = YES;
				CLANG_WARN_DIRECT_OBJC_ISA_USAGE = YES_ERROR;
				CLANG_WARN_EMPTY_BODY = YES;
				CLANG_WARN_ENUM_CONVERSION = YES;
				CLANG_WARN_INT_CONVERSION = YES;
				CLANG_WARN_OBJC_ROOT_CLASS = YES_ERROR;
				CLANG_WARN_UNREACHABLE_CODE = YES;
				CLANG_WARN__DUPLICATE_METHOD_MATCH = YES;
				CODE_SIGN_IDENTITY = "-";
				COPY_PHASE_STRIP = NO;
				DEBUG_INFORMATION_FORMAT = dwarf;
				ENABLE_STRICT_OBJC_MSGSEND = YES;
				ENABLE_TESTABILITY = YES;
				GCC_C_LANGUAGE_STANDARD = gnu99;
				GCC_DYNAMIC_NO_PIC = NO;
				GCC_NO_COMMON_BLOCKS = YES;
				GCC_OPTIMIZATION_LEVEL = 0;
				GCC_PREPROCESSOR_DEFINITIONS = (
					"DEBUG=1",
					"$(inherited)",
				);
				GCC_WARN_64_TO_32_BIT_CONVERSION = YES;
				GCC_WARN_ABOUT_RETURN_TYPE = YES_ERROR;
				GCC_WARN_UNDECLARED_SELECTOR = YES;
				GCC_WARN_UNINITIALIZED_AUTOS = YES_AGGRESSIVE;
				GCC_WARN_UNUSED_FUNCTION = YES;
				GCC_WARN_UNUSED_VARIABLE = YES;
				MACOSX_DEPLOYMENT_TARGET = 10.11;
				MTL_ENABLE_DEBUG_INFO = YES;
				ONLY_ACTIVE_ARCH = YES;
				SDKROOT = macosx;
			};
			name = Debug;
		};
		499540701C15163D00D35EF7 /* Release */ = {
			isa = XCBuildConfiguration;
			buildSettings = {
				ALWAYS_SEARCH_USER_PATHS = NO;
				CLANG_CXX_LANGUAGE_STANDARD = "gnu++0x";
				CLANG_CXX_LIBRARY = "libc++";
				CLANG_ENABLE_MODULES = YES;
				CLANG_ENABLE_OBJC_ARC = YES;
				CLANG_WARN_BOOL_CONVERSION = YES;
				CLANG_WARN_CONSTANT_CONVERSION = YES;
				CLANG_WARN_DIRECT_OBJC_ISA_USAGE = YES_ERROR;
				CLANG_WARN_EMPTY_BODY = YES;
				CLANG_WARN_ENUM_CONVERSION = YES;
				CLANG_WARN_INT_CONVERSION = YES;
				CLANG_WARN_OBJC_ROOT_CLASS = YES_ERROR;
				CLANG_WARN_UNREACHABLE_CODE = YES;
				CLANG_WARN__DUPLICATE_METHOD_MATCH = YES;
				CODE_SIGN_IDENTITY = "-";
				COPY_PHASE_STRIP = NO;
				DEBUG_INFORMATION_FORMAT = "dwarf-with-dsym";
				ENABLE_NS_ASSERTIONS = NO;
				ENABLE_STRICT_OBJC_MSGSEND = YES;
				GCC_C_LANGUAGE_STANDARD = gnu99;
				GCC_NO_COMMON_BLOCKS = YES;
				GCC_WARN_64_TO_32_BIT_CONVERSION = YES;
				GCC_WARN_ABOUT_RETURN_TYPE = YES_ERROR;
				GCC_WARN_UNDECLARED_SELECTOR = YES;
				GCC_WARN_UNINITIALIZED_AUTOS = YES_AGGRESSIVE;
				GCC_WARN_UNUSED_FUNCTION = YES;
				GCC_WARN_UNUSED_VARIABLE = YES;
				MACOSX_DEPLOYMENT_TARGET = 10.11;
				MTL_ENABLE_DEBUG_INFO = NO;
				SDKROOT = macosx;
			};
			name = Release;
		};
		499540721C15163D00D35EF7 /* Debug */ = {
			isa = XCBuildConfiguration;
			buildSettings = {
				PRODUCT_NAME = "$(TARGET_NAME)";
			};
			name = Debug;
		};
		499540731C15163D00D35EF7 /* Release */ = {
			isa = XCBuildConfiguration;
			buildSettings = {
				PRODUCT_NAME = "$(TARGET_NAME)";
			};
			name = Release;
		};
/* End XCBuildConfiguration section */

/* Begin XCConfigurationList section */
		499540651C15163D00D35EF7 /* Build configuration list for PBXProject "字典复习" */ = {
			isa = XCConfigurationList;
			buildConfigurations = (
				4995406F1C15163D00D35EF7 /* Debug */,
				499540701C15163D00D35EF7 /* Release */,
			);
			defaultConfigurationIsVisible = 0;
			defaultConfigurationName = Release;
		};
		499540711C15163D00D35EF7 /* Build configuration list for PBXNativeTarget "字典复习" */ = {
			isa = XCConfigurationList;
			buildConfigurations = (
				499540721C15163D00D35EF7 /* Debug */,
				499540731C15163D00D35EF7 /* Release */,
			);
			defaultConfigurationIsVisible = 0;
		};
/* End XCConfigurationList section */
	};
	rootObject = 499540621C15163D00D35EF7 /* Project object */;
}
