// !$*UTF8*$!
{
	archiveVersion = 1;
	classes = {
	};
	objectVersion = 46;
	objects = {

/* Begin PBXBuildFile section */
		49D57DFE1C032D0700403EBF /* main.m in Sources */ = {isa = PBXBuildFile; fileRef = 49D57DFD1C032D0700403EBF /* main.m */; };
		49D57E061C0331B900403EBF /* CS_05 课后作业函数.m in Sources */ = {isa = PBXBuildFile; fileRef = 49D57E051C0331B900403EBF /* CS_05 课后作业函数.m */; };
/* End PBXBuildFile section */

/* Begin PBXCopyFilesBuildPhase section */
		49D57DF81C032D0700403EBF /* CopyFiles */ = {
			isa = PBXCopyFilesBuildPhase;
			buildActionMask = 2147483647;
			dstPath = /usr/share/man/man1/;
			dstSubfolderSpec = 0;
			files = (
			);
			runOnlyForDeploymentPostprocessing = 1;
		};
/* End PBXCopyFilesBuildPhase section */

/* Begin PBXFileReference section */
		49D57DFA1C032D0700403EBF /* CS_05 晚作业 */ = {isa = PBXFileReference; explicitFileType = "compiled.mach-o.executable"; includeInIndex = 0; path = "CS_05 晚作业"; sourceTree = BUILT_PRODUCTS_DIR; };
		49D57DFD1C032D0700403EBF /* main.m */ = {isa = PBXFileReference; lastKnownFileType = sourcecode.c.objc; path = main.m; sourceTree = "<group>"; };
		49D57E041C0331B900403EBF /* CS_05 课后作业函数.h */ = {isa = PBXFileReference; fileEncoding = 4; lastKnownFileType = sourcecode.c.h; name = "CS_05 课后作业函数.h"; path = "../../CS_05 课后作业函数.h"; sourceTree = "<group>"; };
		49D57E051C0331B900403EBF /* CS_05 课后作业函数.m */ = {isa = PBXFileReference; fileEncoding = 4; lastKnownFileType = sourcecode.c.objc; name = "CS_05 课后作业函数.m"; path = "../../CS_05 课后作业函数.m"; sourceTree = "<group>"; };
/* End PBXFileReference section */

/* Begin PBXFrameworksBuildPhase section */
		49D57DF71C032D0700403EBF /* Frameworks */ = {
			isa = PBXFrameworksBuildPhase;
			buildActionMask = 2147483647;
			files = (
			);
			runOnlyForDeploymentPostprocessing = 0;
		};
/* End PBXFrameworksBuildPhase section */

/* Begin PBXGroup section */
		49D57DF11C032D0700403EBF = {
			isa = PBXGroup;
			children = (
				49D57DFC1C032D0700403EBF /* CS_05 晚作业 */,
				49D57DFB1C032D0700403EBF /* Products */,
			);
			sourceTree = "<group>";
		};
		49D57DFB1C032D0700403EBF /* Products */ = {
			isa = PBXGroup;
			children = (
				49D57DFA1C032D0700403EBF /* CS_05 晚作业 */,
			);
			name = Products;
			sourceTree = "<group>";
		};
		49D57DFC1C032D0700403EBF /* CS_05 晚作业 */ = {
			isa = PBXGroup;
			children = (
				49D57DFD1C032D0700403EBF /* main.m */,
				49D57E051C0331B900403EBF /* CS_05 课后作业函数.m */,
				49D57E041C0331B900403EBF /* CS_05 课后作业函数.h */,
			);
			path = "CS_05 晚作业";
			sourceTree = "<group>";
		};
/* End PBXGroup section */

/* Begin PBXNativeTarget section */
		49D57DF91C032D0700403EBF /* CS_05 晚作业 */ = {
			isa = PBXNativeTarget;
			buildConfigurationList = 49D57E011C032D0700403EBF /* Build configuration list for PBXNativeTarget "CS_05 晚作业" */;
			buildPhases = (
				49D57DF61C032D0700403EBF /* Sources */,
				49D57DF71C032D0700403EBF /* Frameworks */,
				49D57DF81C032D0700403EBF /* CopyFiles */,
			);
			buildRules = (
			);
			dependencies = (
			);
			name = "CS_05 晚作业";
			productName = "CS_05 晚作业";
			productReference = 49D57DFA1C032D0700403EBF /* CS_05 晚作业 */;
			productType = "com.apple.product-type.tool";
		};
/* End PBXNativeTarget section */

/* Begin PBXProject section */
		49D57DF21C032D0700403EBF /* Project object */ = {
			isa = PBXProject;
			attributes = {
				LastUpgradeCheck = 0710;
				ORGANIZATIONNAME = "doll-61";
				TargetAttributes = {
					49D57DF91C032D0700403EBF = {
						CreatedOnToolsVersion = 7.1;
					};
				};
			};
			buildConfigurationList = 49D57DF51C032D0700403EBF /* Build configuration list for PBXProject "CS_05 晚作业" */;
			compatibilityVersion = "Xcode 3.2";
			developmentRegion = English;
			hasScannedForEncodings = 0;
			knownRegions = (
				en,
			);
			mainGroup = 49D57DF11C032D0700403EBF;
			productRefGroup = 49D57DFB1C032D0700403EBF /* Products */;
			projectDirPath = "";
			projectRoot = "";
			targets = (
				49D57DF91C032D0700403EBF /* CS_05 晚作业 */,
			);
		};
/* End PBXProject section */

/* Begin PBXSourcesBuildPhase section */
		49D57DF61C032D0700403EBF /* Sources */ = {
			isa = PBXSourcesBuildPhase;
			buildActionMask = 2147483647;
			files = (
				49D57E061C0331B900403EBF /* CS_05 课后作业函数.m in Sources */,
				49D57DFE1C032D0700403EBF /* main.m in Sources */,
			);
			runOnlyForDeploymentPostprocessing = 0;
		};
/* End PBXSourcesBuildPhase section */

/* Begin XCBuildConfiguration section */
		49D57DFF1C032D0700403EBF /* Debug */ = {
			isa = XCBuildConfiguration;
			buildSettings = {
				ALWAYS_SEARCH_USER_PATHS = NO;
				CLANG_CXX_LANGUAGE_STANDARD = "gnu++0x";
				CLANG_CXX_LIBRARY = "libc++";
				CLANG_ENABLE_MODULES = YES;
				CLANG_ENABLE_OBJC_ARC = YES;
				CLANG_WARN_BOOL_CONVERSION = YES;
				CLANG_WARN_CONSTANT_CONVERSION = YES;
				CLANG_WARN_DIRECT_OBJC_ISA_USAGE = YES_ERROR;
				CLANG_WARN_EMPTY_BODY = YES;
				CLANG_WARN_ENUM_CONVERSION = YES;
				CLANG_WARN_INT_CONVERSION = YES;
				CLANG_WARN_OBJC_ROOT_CLASS = YES_ERROR;
				CLANG_WARN_UNREACHABLE_CODE = YES;
				CLANG_WARN__DUPLICATE_METHOD_MATCH = YES;
				CODE_SIGN_IDENTITY = "-";
				COPY_PHASE_STRIP = NO;
				DEBUG_INFORMATION_FORMAT = dwarf;
				ENABLE_STRICT_OBJC_MSGSEND = YES;
				ENABLE_TESTABILITY = YES;
				GCC_C_LANGUAGE_STANDARD = gnu99;
				GCC_DYNAMIC_NO_PIC = NO;
				GCC_NO_COMMON_BLOCKS = YES;
				GCC_OPTIMIZATION_LEVEL = 0;
				GCC_PREPROCESSOR_DEFINITIONS = (
					"DEBUG=1",
					"$(inherited)",
				);
				GCC_WARN_64_TO_32_BIT_CONVERSION = YES;
				GCC_WARN_ABOUT_RETURN_TYPE = YES_ERROR;
				GCC_WARN_UNDECLARED_SELECTOR = YES;
				GCC_WARN_UNINITIALIZED_AUTOS = YES_AGGRESSIVE;
				GCC_WARN_UNUSED_FUNCTION = YES;
				GCC_WARN_UNUSED_VARIABLE = YES;
				MACOSX_DEPLOYMENT_TARGET = 10.11;
				MTL_ENABLE_DEBUG_INFO = YES;
				ONLY_ACTIVE_ARCH = YES;
				SDKROOT = macosx;
			};
			name = Debug;
		};
		49D57E001C032D0700403EBF /* Release */ = {
			isa = XCBuildConfiguration;
			buildSettings = {
				ALWAYS_SEARCH_USER_PATHS = NO;
				CLANG_CXX_LANGUAGE_STANDARD = "gnu++0x";
				CLANG_CXX_LIBRARY = "libc++";
				CLANG_ENABLE_MODULES = YES;
				CLANG_ENABLE_OBJC_ARC = YES;
				CLANG_WARN_BOOL_CONVERSION = YES;
				CLANG_WARN_CONSTANT_CONVERSION = YES;
				CLANG_WARN_DIRECT_OBJC_ISA_USAGE = YES_ERROR;
				CLANG_WARN_EMPTY_BODY = YES;
				CLANG_WARN_ENUM_CONVERSION = YES;
				CLANG_WARN_INT_CONVERSION = YES;
				CLANG_WARN_OBJC_ROOT_CLASS = YES_ERROR;
				CLANG_WARN_UNREACHABLE_CODE = YES;
				CLANG_WARN__DUPLICATE_METHOD_MATCH = YES;
				CODE_SIGN_IDENTITY = "-";
				COPY_PHASE_STRIP = NO;
				DEBUG_INFORMATION_FORMAT = "dwarf-with-dsym";
				ENABLE_NS_ASSERTIONS = NO;
				ENABLE_STRICT_OBJC_MSGSEND = YES;
				GCC_C_LANGUAGE_STANDARD = gnu99;
				GCC_NO_COMMON_BLOCKS = YES;
				GCC_WARN_64_TO_32_BIT_CONVERSION = YES;
				GCC_WARN_ABOUT_RETURN_TYPE = YES_ERROR;
				GCC_WARN_UNDECLARED_SELECTOR = YES;
				GCC_WARN_UNINITIALIZED_AUTOS = YES_AGGRESSIVE;
				GCC_WARN_UNUSED_FUNCTION = YES;
				GCC_WARN_UNUSED_VARIABLE = YES;
				MACOSX_DEPLOYMENT_TARGET = 10.11;
				MTL_ENABLE_DEBUG_INFO = NO;
				SDKROOT = macosx;
			};
			name = Release;
		};
		49D57E021C032D0700403EBF /* Debug */ = {
			isa = XCBuildConfiguration;
			buildSettings = {
				PRODUCT_NAME = "$(TARGET_NAME)";
			};
			name = Debug;
		};
		49D57E031C032D0700403EBF /* Release */ = {
			isa = XCBuildConfiguration;
			buildSettings = {
				PRODUCT_NAME = "$(TARGET_NAME)";
			};
			name = Release;
		};
/* End XCBuildConfiguration section */

/* Begin XCConfigurationList section */
		49D57DF51C032D0700403EBF /* Build configuration list for PBXProject "CS_05 晚作业" */ = {
			isa = XCConfigurationList;
			buildConfigurations = (
				49D57DFF1C032D0700403EBF /* Debug */,
				49D57E001C032D0700403EBF /* Release */,
			);
			defaultConfigurationIsVisible = 0;
			defaultConfigurationName = Release;
		};
		49D57E011C032D0700403EBF /* Build configuration list for PBXNativeTarget "CS_05 晚作业" */ = {
			isa = XCConfigurationList;
			buildConfigurations = (
				49D57E021C032D0700403EBF /* Debug */,
				49D57E031C032D0700403EBF /* Release */,
			);
			defaultConfigurationIsVisible = 0;
		};
/* End XCConfigurationList section */
	};
	rootObject = 49D57DF21C032D0700403EBF /* Project object */;
}
